{
  "requires": true,
  "lockfileVersion": 1,
  "dependencies": {
    "@controleonline/quasar-contracts-ui": {
      "version": "1.6.11",
      "resolved": "https://registry.npmjs.org/@controleonline/quasar-contracts-ui/-/quasar-contracts-ui-1.6.11.tgz",
      "integrity": "sha512-Zwoo5plMQ8sofuvcpTlbg0Am9e8+ZLBnTOOVv2vFpG0nZBZ1vi1ehe+cogFk5WjD0ABQKvv9SKmwukHX2FvDAg=="
    }
  }
}
