{
  "name": "@controleonline/quasar-professionals-ui",
  "version": "1.0.0",
  "lockfileVersion": 1,
  "requires": true,
  "dependencies": {
    "@freteclick/quasar-common-ui": {
      "version": "1.0.1",
      "resolved": "https://registry.npmjs.org/@freteclick/quasar-common-ui/-/quasar-common-ui-1.0.1.tgz",
      "integrity": "sha512-+vI9veuauIFZAqZPLSRL6VW+BfpLIV5vhtbTwh+Zv1j9Zt69AEK7FW5uvl+qcobmrS5OQSbzef+lLQZYqPk2JQ=="
    }
  }
}
