{
  "name": "@controleonline/quasar-providers-ui",
  "version": "1.0.0",
  "lockfileVersion": 1,
  "requires": true,
  "dependencies": {
    "@freteclick/quasar-common-ui": {
      "version": "1.0.2",
      "resolved": "https://registry.npmjs.org/@freteclick/quasar-common-ui/-/quasar-common-ui-1.0.2.tgz",
      "integrity": "sha512-qQLuIbHTwQhKOE1rd30R9Rkh3sjV366/7i2uWpfdi1ikf5IO3GnrOtYNfomDJA4+vIz0qdydenvxBvJro1ChLA=="
    }
  }
}
